
Microsoft Visual Studio Solution File, Format Version 12.00
# Visual Studio Version 16
VisualStudioVersion = 16.0.30804.86
MinimumVisualStudioVersion = 10.0.40219.1
Project("{FAE04EC0-301F-11D3-BF4B-00C04F79EFBC}") = "DotNet_Ecommerce", "DotNet_Ecommerce.csproj", "{F837CF0F-5357-49DE-8699-E1C9D1FAF957}"
EndProject
Global
	GlobalSection(SolutionConfigurationPlatforms) = preSolution
		Debug|Any CPU = Debug|Any CPU
		Release|Any CPU = Release|Any CPU
	EndGlobalSection
	GlobalSection(ProjectConfigurationPlatforms) = postSolution
		{F837CF0F-5357-49DE-8699-E1C9D1FAF957}.Debug|Any CPU.ActiveCfg = Debug|Any CPU
		{F837CF0F-5357-49DE-8699-E1C9D1FAF957}.Debug|Any CPU.Build.0 = Debug|Any CPU
		{F837CF0F-5357-49DE-8699-E1C9D1FAF957}.Release|Any CPU.ActiveCfg = Release|Any CPU
		{F837CF0F-5357-49DE-8699-E1C9D1FAF957}.Release|Any CPU.Build.0 = Release|Any CPU
	EndGlobalSection
	GlobalSection(SolutionProperties) = preSolution
		HideSolutionNode = FALSE
	EndGlobalSection
	GlobalSection(ExtensibilityGlobals) = postSolution
		SolutionGuid = {08BDD742-B9FF-4920-988E-F34F9DF8A815}
	EndGlobalSection
EndGlobal
